// !$*UTF8*$!
{
	archiveVersion = 1;
	classes = {
	};
	objectVersion = 46;
	objects = {

/* Begin PBXBuildFile section */
		46F8AC1B1B70680300AF30C3 /* AppDelegate.swift in Sources */ = {isa = PBXBuildFile; fileRef = 46F8AC1A1B70680300AF30C3 /* AppDelegate.swift */; };
		46F8AC1D1B70680300AF30C3 /* ViewController.swift in Sources */ = {isa = PBXBuildFile; fileRef = 46F8AC1C1B70680300AF30C3 /* ViewController.swift */; };
		46F8AC201B70680300AF30C3 /* Main.storyboard in Resources */ = {isa = PBXBuildFile; fileRef = 46F8AC1E1B70680300AF30C3 /* Main.storyboard */; };
		46F8AC221B70680300AF30C3 /* Images.xcassets in Resources */ = {isa = PBXBuildFile; fileRef = 46F8AC211B70680300AF30C3 /* Images.xcassets */; };
		46F8AC251B70680300AF30C3 /* LaunchScreen.xib in Resources */ = {isa = PBXBuildFile; fileRef = 46F8AC231B70680300AF30C3 /* LaunchScreen.xib */; };
		46F8AC311B70680400AF30C3 /* Map_DemoTests.swift in Sources */ = {isa = PBXBuildFile; fileRef = 46F8AC301B70680400AF30C3 /* Map_DemoTests.swift */; };
/* End PBXBuildFile section */

/* Begin PBXContainerItemProxy section */
		46F8AC2B1B70680400AF30C3 /* PBXContainerItemProxy */ = {
			isa = PBXContainerItemProxy;
			containerPortal = 46F8AC0D1B70680300AF30C3 /* Project object */;
			proxyType = 1;
			remoteGlobalIDString = 46F8AC141B70680300AF30C3;
			remoteInfo = "Map Demo";
		};
/* End PBXContainerItemProxy section */

/* Begin PBXFileReference section */
		46F8AC151B70680300AF30C3 /* Map Demo.app */ = {isa = PBXFileReference; explicitFileType = wrapper.application; includeInIndex = 0; path = "Map Demo.app"; sourceTree = BUILT_PRODUCTS_DIR; };
		46F8AC191B70680300AF30C3 /* Info.plist */ = {isa = PBXFileReference; lastKnownFileType = text.plist.xml; path = Info.plist; sourceTree = "<group>"; };
		46F8AC1A1B70680300AF30C3 /* AppDelegate.swift */ = {isa = PBXFileReference; lastKnownFileType = sourcecode.swift; path = AppDelegate.swift; sourceTree = "<group>"; };
		46F8AC1C1B70680300AF30C3 /* ViewController.swift */ = {isa = PBXFileReference; lastKnownFileType = sourcecode.swift; path = ViewController.swift; sourceTree = "<group>"; };
		46F8AC1F1B70680300AF30C3 /* Base */ = {isa = PBXFileReference; lastKnownFileType = file.storyboard; name = Base; path = Base.lproj/Main.storyboard; sourceTree = "<group>"; };
		46F8AC211B70680300AF30C3 /* Images.xcassets */ = {isa = PBXFileReference; lastKnownFileType = folder.assetcatalog; path = Images.xcassets; sourceTree = "<group>"; };
		46F8AC241B70680300AF30C3 /* Base */ = {isa = PBXFileReference; lastKnownFileType = file.xib; name = Base; path = Base.lproj/LaunchScreen.xib; sourceTree = "<group>"; };
		46F8AC2A1B70680400AF30C3 /* Map DemoTests.xctest */ = {isa = PBXFileReference; explicitFileType = wrapper.cfbundle; includeInIndex = 0; path = "Map DemoTests.xctest"; sourceTree = BUILT_PRODUCTS_DIR; };
		46F8AC2F1B70680400AF30C3 /* Info.plist */ = {isa = PBXFileReference; lastKnownFileType = text.plist.xml; path = Info.plist; sourceTree = "<group>"; };
		46F8AC301B70680400AF30C3 /* Map_DemoTests.swift */ = {isa = PBXFileReference; lastKnownFileType = sourcecode.swift; path = Map_DemoTests.swift; sourceTree = "<group>"; };
/* End PBXFileReference section */

/* Begin PBXFrameworksBuildPhase section */
		46F8AC121B70680300AF30C3 /* Frameworks */ = {
			isa = PBXFrameworksBuildPhase;
			buildActionMask = 2147483647;
			files = (
			);
			runOnlyForDeploymentPostprocessing = 0;
		};
		46F8AC271B70680400AF30C3 /* Frameworks */ = {
			isa = PBXFrameworksBuildPhase;
			buildActionMask = 2147483647;
			files = (
			);
			runOnlyForDeploymentPostprocessing = 0;
		};
/* End PBXFrameworksBuildPhase section */

/* Begin PBXGroup section */
		46F8AC0C1B70680300AF30C3 = {
			isa = PBXGroup;
			children = (
				46F8AC171B70680300AF30C3 /* Map Demo */,
				46F8AC2D1B70680400AF30C3 /* Map DemoTests */,
				46F8AC161B70680300AF30C3 /* Products */,
			);
			sourceTree = "<group>";
		};
		46F8AC161B70680300AF30C3 /* Products */ = {
			isa = PBXGroup;
			children = (
				46F8AC151B70680300AF30C3 /* Map Demo.app */,
				46F8AC2A1B70680400AF30C3 /* Map DemoTests.xctest */,
			);
			name = Products;
			sourceTree = "<group>";
		};
		46F8AC171B70680300AF30C3 /* Map Demo */ = {
			isa = PBXGroup;
			children = (
				46F8AC1A1B70680300AF30C3 /* AppDelegate.swift */,
				46F8AC1C1B70680300AF30C3 /* ViewController.swift */,
				46F8AC1E1B70680300AF30C3 /* Main.storyboard */,
				46F8AC211B70680300AF30C3 /* Images.xcassets */,
				46F8AC231B70680300AF30C3 /* LaunchScreen.xib */,
				46F8AC181B70680300AF30C3 /* Supporting Files */,
			);
			path = "Map Demo";
			sourceTree = "<group>";
		};
		46F8AC181B70680300AF30C3 /* Supporting Files */ = {
			isa = PBXGroup;
			children = (
				46F8AC191B70680300AF30C3 /* Info.plist */,
			);
			name = "Supporting Files";
			sourceTree = "<group>";
		};
		46F8AC2D1B70680400AF30C3 /* Map DemoTests */ = {
			isa = PBXGroup;
			children = (
				46F8AC301B70680400AF30C3 /* Map_DemoTests.swift */,
				46F8AC2E1B70680400AF30C3 /* Supporting Files */,
			);
			path = "Map DemoTests";
			sourceTree = "<group>";
		};
		46F8AC2E1B70680400AF30C3 /* Supporting Files */ = {
			isa = PBXGroup;
			children = (
				46F8AC2F1B70680400AF30C3 /* Info.plist */,
			);
			name = "Supporting Files";
			sourceTree = "<group>";
		};
/* End PBXGroup section */

/* Begin PBXNativeTarget section */
		46F8AC141B70680300AF30C3 /* Map Demo */ = {
			isa = PBXNativeTarget;
			buildConfigurationList = 46F8AC341B70680400AF30C3 /* Build configuration list for PBXNativeTarget "Map Demo" */;
			buildPhases = (
				46F8AC111B70680300AF30C3 /* Sources */,
				46F8AC121B70680300AF30C3 /* Frameworks */,
				46F8AC131B70680300AF30C3 /* Resources */,
			);
			buildRules = (
			);
			dependencies = (
			);
			name = "Map Demo";
			productName = "Map Demo";
			productReference = 46F8AC151B70680300AF30C3 /* Map Demo.app */;
			productType = "com.apple.product-type.application";
		};
		46F8AC291B70680400AF30C3 /* Map DemoTests */ = {
			isa = PBXNativeTarget;
			buildConfigurationList = 46F8AC371B70680400AF30C3 /* Build configuration list for PBXNativeTarget "Map DemoTests" */;
			buildPhases = (
				46F8AC261B70680400AF30C3 /* Sources */,
				46F8AC271B70680400AF30C3 /* Frameworks */,
				46F8AC281B70680400AF30C3 /* Resources */,
			);
			buildRules = (
			);
			dependencies = (
				46F8AC2C1B70680400AF30C3 /* PBXTargetDependency */,
			);
			name = "Map DemoTests";
			productName = "Map DemoTests";
			productReference = 46F8AC2A1B70680400AF30C3 /* Map DemoTests.xctest */;
			productType = "com.apple.product-type.bundle.unit-test";
		};
/* End PBXNativeTarget section */

/* Begin PBXProject section */
		46F8AC0D1B70680300AF30C3 /* Project object */ = {
			isa = PBXProject;
			attributes = {
				LastUpgradeCheck = 0640;
				ORGANIZATIONNAME = mocha;
				TargetAttributes = {
					46F8AC141B70680300AF30C3 = {
						CreatedOnToolsVersion = 6.4;
					};
					46F8AC291B70680400AF30C3 = {
						CreatedOnToolsVersion = 6.4;
						TestTargetID = 46F8AC141B70680300AF30C3;
					};
				};
			};
			buildConfigurationList = 46F8AC101B70680300AF30C3 /* Build configuration list for PBXProject "Map Demo" */;
			compatibilityVersion = "Xcode 3.2";
			developmentRegion = English;
			hasScannedForEncodings = 0;
			knownRegions = (
				en,
				Base,
			);
			mainGroup = 46F8AC0C1B70680300AF30C3;
			productRefGroup = 46F8AC161B70680300AF30C3 /* Products */;
			projectDirPath = "";
			projectRoot = "";
			targets = (
				46F8AC141B70680300AF30C3 /* Map Demo */,
				46F8AC291B70680400AF30C3 /* Map DemoTests */,
			);
		};
/* End PBXProject section */

/* Begin PBXResourcesBuildPhase section */
		46F8AC131B70680300AF30C3 /* Resources */ = {
			isa = PBXResourcesBuildPhase;
			buildActionMask = 2147483647;
			files = (
				46F8AC201B70680300AF30C3 /* Main.storyboard in Resources */,
				46F8AC251B70680300AF30C3 /* LaunchScreen.xib in Resources */,
				46F8AC221B70680300AF30C3 /* Images.xcassets in Resources */,
			);
			runOnlyForDeploymentPostprocessing = 0;
		};
		46F8AC281B70680400AF30C3 /* Resources */ = {
			isa = PBXResourcesBuildPhase;
			buildActionMask = 2147483647;
			files = (
			);
			runOnlyForDeploymentPostprocessing = 0;
		};
/* End PBXResourcesBuildPhase section */

/* Begin PBXSourcesBuildPhase section */
		46F8AC111B70680300AF30C3 /* Sources */ = {
			isa = PBXSourcesBuildPhase;
			buildActionMask = 2147483647;
			files = (
				46F8AC1D1B70680300AF30C3 /* ViewController.swift in Sources */,
				46F8AC1B1B70680300AF30C3 /* AppDelegate.swift in Sources */,
			);
			runOnlyForDeploymentPostprocessing = 0;
		};
		46F8AC261B70680400AF30C3 /* Sources */ = {
			isa = PBXSourcesBuildPhase;
			buildActionMask = 2147483647;
			files = (
				46F8AC311B70680400AF30C3 /* Map_DemoTests.swift in Sources */,
			);
			runOnlyForDeploymentPostprocessing = 0;
		};
/* End PBXSourcesBuildPhase section */

/* Begin PBXTargetDependency section */
		46F8AC2C1B70680400AF30C3 /* PBXTargetDependency */ = {
			isa = PBXTargetDependency;
			target = 46F8AC141B70680300AF30C3 /* Map Demo */;
			targetProxy = 46F8AC2B1B70680400AF30C3 /* PBXContainerItemProxy */;
		};
/* End PBXTargetDependency section */

/* Begin PBXVariantGroup section */
		46F8AC1E1B70680300AF30C3 /* Main.storyboard */ = {
			isa = PBXVariantGroup;
			children = (
				46F8AC1F1B70680300AF30C3 /* Base */,
			);
			name = Main.storyboard;
			sourceTree = "<group>";
		};
		46F8AC231B70680300AF30C3 /* LaunchScreen.xib */ = {
			isa = PBXVariantGroup;
			children = (
				46F8AC241B70680300AF30C3 /* Base */,
			);
			name = LaunchScreen.xib;
			sourceTree = "<group>";
		};
/* End PBXVariantGroup section */

/* Begin XCBuildConfiguration section */
		46F8AC321B70680400AF30C3 /* Debug */ = {
			isa = XCBuildConfiguration;
			buildSettings = {
				ALWAYS_SEARCH_USER_PATHS = NO;
				CLANG_CXX_LANGUAGE_STANDARD = "gnu++0x";
				CLANG_CXX_LIBRARY = "libc++";
				CLANG_ENABLE_MODULES = YES;
				CLANG_ENABLE_OBJC_ARC = YES;
				CLANG_WARN_BOOL_CONVERSION = YES;
				CLANG_WARN_CONSTANT_CONVERSION = YES;
				CLANG_WARN_DIRECT_OBJC_ISA_USAGE = YES_ERROR;
				CLANG_WARN_EMPTY_BODY = YES;
				CLANG_WARN_ENUM_CONVERSION = YES;
				CLANG_WARN_INT_CONVERSION = YES;
				CLANG_WARN_OBJC_ROOT_CLASS = YES_ERROR;
				CLANG_WARN_UNREACHABLE_CODE = YES;
				CLANG_WARN__DUPLICATE_METHOD_MATCH = YES;
				"CODE_SIGN_IDENTITY[sdk=iphoneos*]" = "iPhone Developer";
				COPY_PHASE_STRIP = NO;
				DEBUG_INFORMATION_FORMAT = "dwarf-with-dsym";
				ENABLE_STRICT_OBJC_MSGSEND = YES;
				GCC_C_LANGUAGE_STANDARD = gnu99;
				GCC_DYNAMIC_NO_PIC = NO;
				GCC_NO_COMMON_BLOCKS = YES;
				GCC_OPTIMIZATION_LEVEL = 0;
				GCC_PREPROCESSOR_DEFINITIONS = (
					"DEBUG=1",
					"$(inherited)",
				);
				GCC_SYMBOLS_PRIVATE_EXTERN = NO;
				GCC_WARN_64_TO_32_BIT_CONVERSION = YES;
				GCC_WARN_ABOUT_RETURN_TYPE = YES_ERROR;
				GCC_WARN_UNDECLARED_SELECTOR = YES;
				GCC_WARN_UNINITIALIZED_AUTOS = YES_AGGRESSIVE;
				GCC_WARN_UNUSED_FUNCTION = YES;
				GCC_WARN_UNUSED_VARIABLE = YES;
				IPHONEOS_DEPLOYMENT_TARGET = 8.4;
				MTL_ENABLE_DEBUG_INFO = YES;
				ONLY_ACTIVE_ARCH = YES;
				SDKROOT = iphoneos;
				SWIFT_OPTIMIZATION_LEVEL = "-Onone";
			};
			name = Debug;
		};
		46F8AC331B70680400AF30C3 /* Release */ = {
			isa = XCBuildConfiguration;
			buildSettings = {
				ALWAYS_SEARCH_USER_PATHS = NO;
				CLANG_CXX_LANGUAGE_STANDARD = "gnu++0x";
				CLANG_CXX_LIBRARY = "libc++";
				CLANG_ENABLE_MODULES = YES;
				CLANG_ENABLE_OBJC_ARC = YES;
				CLANG_WARN_BOOL_CONVERSION = YES;
				CLANG_WARN_CONSTANT_CONVERSION = YES;
				CLANG_WARN_DIRECT_OBJC_ISA_USAGE = YES_ERROR;
				CLANG_WARN_EMPTY_BODY = YES;
				CLANG_WARN_ENUM_CONVERSION = YES;
				CLANG_WARN_INT_CONVERSION = YES;
				CLANG_WARN_OBJC_ROOT_CLASS = YES_ERROR;
				CLANG_WARN_UNREACHABLE_CODE = YES;
				CLANG_WARN__DUPLICATE_METHOD_MATCH = YES;
				"CODE_SIGN_IDENTITY[sdk=iphoneos*]" = "iPhone Developer";
				COPY_PHASE_STRIP = NO;
				DEBUG_INFORMATION_FORMAT = "dwarf-with-dsym";
				ENABLE_NS_ASSERTIONS = NO;
				ENABLE_STRICT_OBJC_MSGSEND = YES;
				GCC_C_LANGUAGE_STANDARD = gnu99;
				GCC_NO_COMMON_BLOCKS = YES;
				GCC_WARN_64_TO_32_BIT_CONVERSION = YES;
				GCC_WARN_ABOUT_RETURN_TYPE = YES_ERROR;
				GCC_WARN_UNDECLARED_SELECTOR = YES;
				GCC_WARN_UNINITIALIZED_AUTOS = YES_AGGRESSIVE;
				GCC_WARN_UNUSED_FUNCTION = YES;
				GCC_WARN_UNUSED_VARIABLE = YES;
				IPHONEOS_DEPLOYMENT_TARGET = 8.4;
				MTL_ENABLE_DEBUG_INFO = NO;
				SDKROOT = iphoneos;
				VALIDATE_PRODUCT = YES;
			};
			name = Release;
		};
		46F8AC351B70680400AF30C3 /* Debug */ = {
			isa = XCBuildConfiguration;
			buildSettings = {
				ASSETCATALOG_COMPILER_APPICON_NAME = AppIcon;
				INFOPLIST_FILE = "Map Demo/Info.plist";
				LD_RUNPATH_SEARCH_PATHS = "$(inherited) @executable_path/Frameworks";
				PRODUCT_NAME = "$(TARGET_NAME)";
			};
			name = Debug;
		};
		46F8AC361B70680400AF30C3 /* Release */ = {
			isa = XCBuildConfiguration;
			buildSettings = {
				ASSETCATALOG_COMPILER_APPICON_NAME = AppIcon;
				INFOPLIST_FILE = "Map Demo/Info.plist";
				LD_RUNPATH_SEARCH_PATHS = "$(inherited) @executable_path/Frameworks";
				PRODUCT_NAME = "$(TARGET_NAME)";
			};
			name = Release;
		};
		46F8AC381B70680400AF30C3 /* Debug */ = {
			isa = XCBuildConfiguration;
			buildSettings = {
				BUNDLE_LOADER = "$(TEST_HOST)";
				FRAMEWORK_SEARCH_PATHS = (
					"$(SDKROOT)/Developer/Library/Frameworks",
					"$(inherited)",
				);
				GCC_PREPROCESSOR_DEFINITIONS = (
					"DEBUG=1",
					"$(inherited)",
				);
				INFOPLIST_FILE = "Map DemoTests/Info.plist";
				LD_RUNPATH_SEARCH_PATHS = "$(inherited) @executable_path/Frameworks @loader_path/Frameworks";
				PRODUCT_NAME = "$(TARGET_NAME)";
				TEST_HOST = "$(BUILT_PRODUCTS_DIR)/Map Demo.app/Map Demo";
			};
			name = Debug;
		};
		46F8AC391B70680400AF30C3 /* Release */ = {
			isa = XCBuildConfiguration;
			buildSettings = {
				BUNDLE_LOADER = "$(TEST_HOST)";
				FRAMEWORK_SEARCH_PATHS = (
					"$(SDKROOT)/Developer/Library/Frameworks",
					"$(inherited)",
				);
				INFOPLIST_FILE = "Map DemoTests/Info.plist";
				LD_RUNPATH_SEARCH_PATHS = "$(inherited) @executable_path/Frameworks @loader_path/Frameworks";
				PRODUCT_NAME = "$(TARGET_NAME)";
				TEST_HOST = "$(BUILT_PRODUCTS_DIR)/Map Demo.app/Map Demo";
			};
			name = Release;
		};
/* End XCBuildConfiguration section */

/* Begin XCConfigurationList section */
		46F8AC101B70680300AF30C3 /* Build configuration list for PBXProject "Map Demo" */ = {
			isa = XCConfigurationList;
			buildConfigurations = (
				46F8AC321B70680400AF30C3 /* Debug */,
				46F8AC331B70680400AF30C3 /* Release */,
			);
			defaultConfigurationIsVisible = 0;
			defaultConfigurationName = Release;
		};
		46F8AC341B70680400AF30C3 /* Build configuration list for PBXNativeTarget "Map Demo" */ = {
			isa = XCConfigurationList;
			buildConfigurations = (
				46F8AC351B70680400AF30C3 /* Debug */,
				46F8AC361B70680400AF30C3 /* Release */,
			);
			defaultConfigurationIsVisible = 0;
		};
		46F8AC371B70680400AF30C3 /* Build configuration list for PBXNativeTarget "Map DemoTests" */ = {
			isa = XCConfigurationList;
			buildConfigurations = (
				46F8AC381B70680400AF30C3 /* Debug */,
				46F8AC391B70680400AF30C3 /* Release */,
			);
			defaultConfigurationIsVisible = 0;
		};
/* End XCConfigurationList section */
	};
	rootObject = 46F8AC0D1B70680300AF30C3 /* Project object */;
}
